
Microsoft Visual Studio Solution File, Format Version 12.00
# Visual Studio Version 17
VisualStudioVersion = 17.9.34607.119
MinimumVisualStudioVersion = 10.0.40219.1
Project("{9A19103F-16F7-4668-BE54-9A1E7A4F7556}") = "WebUygulamaProje1", "WebUygulamaProje1.csproj", "{ECF5F08A-37BD-4568-B393-6D7A613BC804}"
EndProject
Global
	GlobalSection(SolutionConfigurationPlatforms) = preSolution
		Debug|Any CPU = Debug|Any CPU
		Release|Any CPU = Release|Any CPU
	EndGlobalSection
	GlobalSection(ProjectConfigurationPlatforms) = postSolution
		{ECF5F08A-37BD-4568-B393-6D7A613BC804}.Debug|Any CPU.ActiveCfg = Debug|Any CPU
		{ECF5F08A-37BD-4568-B393-6D7A613BC804}.Debug|Any CPU.Build.0 = Debug|Any CPU
		{ECF5F08A-37BD-4568-B393-6D7A613BC804}.Release|Any CPU.ActiveCfg = Release|Any CPU
		{ECF5F08A-37BD-4568-B393-6D7A613BC804}.Release|Any CPU.Build.0 = Release|Any CPU
	EndGlobalSection
	GlobalSection(SolutionProperties) = preSolution
		HideSolutionNode = FALSE
	EndGlobalSection
	GlobalSection(ExtensibilityGlobals) = postSolution
		SolutionGuid = {C0E8A772-6592-458F-80FD-32336C08F39C}
	EndGlobalSection
EndGlobal
